
Microsoft Visual Studio Solution File, Format Version 12.00
# Visual Studio Version 17
VisualStudioVersion = 17.14.36511.14
MinimumVisualStudioVersion = 10.0.40219.1
Project("{FAE04EC0-301F-11D3-BF4B-00C04F79EFBC}") = "ProjetoDoacaoDeSangue.API", "ProjetoDoacaoDeSangue.API\ProjetoDoacaoDeSangue.API.csproj", "{F0E32207-B909-41DB-9DBA-B9AA4139A6B0}"
EndProject
Project("{FAE04EC0-301F-11D3-BF4B-00C04F79EFBC}") = "ProjetoDoacaoDeSangue.Core", "ProjetoDoacaoDeSangue.Core\ProjetoDoacaoDeSangue.Core.csproj", "{4D8A00F2-FD8F-4F02-AB2F-B0DB69A9EC57}"
EndProject
Project("{FAE04EC0-301F-11D3-BF4B-00C04F79EFBC}") = "ProjetoDoacaoDeSangue.Application", "ProjetoDoacaoDeSangue.Application\ProjetoDoacaoDeSangue.Application.csproj", "{53169C1A-DE9C-41F5-B3DD-1AEDDC9FD6FC}"
EndProject
Project("{FAE04EC0-301F-11D3-BF4B-00C04F79EFBC}") = "ProjetoDoacaoDeSangue.Infra", "ProjetoDoacaoDeSangue.Infra\ProjetoDoacaoDeSangue.Infra.csproj", "{7AF9C758-CBB0-4A2F-AF46-D98E9BB141EC}"
EndProject
Global
	GlobalSection(SolutionConfigurationPlatforms) = preSolution
		Debug|Any CPU = Debug|Any CPU
		Release|Any CPU = Release|Any CPU
	EndGlobalSection
	GlobalSection(ProjectConfigurationPlatforms) = postSolution
		{F0E32207-B909-41DB-9DBA-B9AA4139A6B0}.Debug|Any CPU.ActiveCfg = Debug|Any CPU
		{F0E32207-B909-41DB-9DBA-B9AA4139A6B0}.Debug|Any CPU.Build.0 = Debug|Any CPU
		{F0E32207-B909-41DB-9DBA-B9AA4139A6B0}.Release|Any CPU.ActiveCfg = Release|Any CPU
		{F0E32207-B909-41DB-9DBA-B9AA4139A6B0}.Release|Any CPU.Build.0 = Release|Any CPU
		{4D8A00F2-FD8F-4F02-AB2F-B0DB69A9EC57}.Debug|Any CPU.ActiveCfg = Debug|Any CPU
		{4D8A00F2-FD8F-4F02-AB2F-B0DB69A9EC57}.Debug|Any CPU.Build.0 = Debug|Any CPU
		{4D8A00F2-FD8F-4F02-AB2F-B0DB69A9EC57}.Release|Any CPU.ActiveCfg = Release|Any CPU
		{4D8A00F2-FD8F-4F02-AB2F-B0DB69A9EC57}.Release|Any CPU.Build.0 = Release|Any CPU
		{53169C1A-DE9C-41F5-B3DD-1AEDDC9FD6FC}.Debug|Any CPU.ActiveCfg = Debug|Any CPU
		{53169C1A-DE9C-41F5-B3DD-1AEDDC9FD6FC}.Debug|Any CPU.Build.0 = Debug|Any CPU
		{53169C1A-DE9C-41F5-B3DD-1AEDDC9FD6FC}.Release|Any CPU.ActiveCfg = Release|Any CPU
		{53169C1A-DE9C-41F5-B3DD-1AEDDC9FD6FC}.Release|Any CPU.Build.0 = Release|Any CPU
		{7AF9C758-CBB0-4A2F-AF46-D98E9BB141EC}.Debug|Any CPU.ActiveCfg = Debug|Any CPU
		{7AF9C758-CBB0-4A2F-AF46-D98E9BB141EC}.Debug|Any CPU.Build.0 = Debug|Any CPU
		{7AF9C758-CBB0-4A2F-AF46-D98E9BB141EC}.Release|Any CPU.ActiveCfg = Release|Any CPU
		{7AF9C758-CBB0-4A2F-AF46-D98E9BB141EC}.Release|Any CPU.Build.0 = Release|Any CPU
	EndGlobalSection
	GlobalSection(SolutionProperties) = preSolution
		HideSolutionNode = FALSE
	EndGlobalSection
	GlobalSection(ExtensibilityGlobals) = postSolution
		SolutionGuid = {A0E21185-6009-4628-B78B-BA241969B413}
	EndGlobalSection
EndGlobal
